
Microsoft Visual Studio Solution File, Format Version 12.00
# Visual Studio Version 17
VisualStudioVersion = 17.1.32414.318
MinimumVisualStudioVersion = 10.0.40219.1
Project("{FAE04EC0-301F-11D3-BF4B-00C04F79EFBC}") = "Astroneer Launcher", "Astroneer Launcher.csproj", "{C6B66722-9122-42B1-AD20-B1F55E109697}"
EndProject
Global
	GlobalSection(SolutionConfigurationPlatforms) = preSolution
		Debug|Any CPU = Debug|Any CPU
		Release|Any CPU = Release|Any CPU
	EndGlobalSection
	GlobalSection(ProjectConfigurationPlatforms) = postSolution
		{C6B66722-9122-42B1-AD20-B1F55E109697}.Debug|Any CPU.ActiveCfg = Debug|Any CPU
		{C6B66722-9122-42B1-AD20-B1F55E109697}.Debug|Any CPU.Build.0 = Debug|Any CPU
		{C6B66722-9122-42B1-AD20-B1F55E109697}.Release|Any CPU.ActiveCfg = Release|Any CPU
		{C6B66722-9122-42B1-AD20-B1F55E109697}.Release|Any CPU.Build.0 = Release|Any CPU
	EndGlobalSection
	GlobalSection(SolutionProperties) = preSolution
		HideSolutionNode = FALSE
	EndGlobalSection
	GlobalSection(ExtensibilityGlobals) = postSolution
		SolutionGuid = {B1D020E3-0465-49F5-9619-C57CEB387D02}
	EndGlobalSection
EndGlobal
